
Microsoft Visual Studio Solution File, Format Version 12.00
# Visual Studio Version 17
VisualStudioVersion = 17.10.34916.146
MinimumVisualStudioVersion = 10.0.40219.1
Project("{FAE04EC0-301F-11D3-BF4B-00C04F79EFBC}") = "WorkOut", "WorkOut\WorkOut.csproj", "{26A16424-C264-4277-B729-A932F4BE2231}"
EndProject
Global
	GlobalSection(SolutionConfigurationPlatforms) = preSolution
		Debug|Any CPU = Debug|Any CPU
		Release|Any CPU = Release|Any CPU
	EndGlobalSection
	GlobalSection(ProjectConfigurationPlatforms) = postSolution
		{26A16424-C264-4277-B729-A932F4BE2231}.Debug|Any CPU.ActiveCfg = Debug|Any CPU
		{26A16424-C264-4277-B729-A932F4BE2231}.Debug|Any CPU.Build.0 = Debug|Any CPU
		{26A16424-C264-4277-B729-A932F4BE2231}.Debug|Any CPU.Deploy.0 = Debug|Any CPU
		{26A16424-C264-4277-B729-A932F4BE2231}.Release|Any CPU.ActiveCfg = Release|Any CPU
		{26A16424-C264-4277-B729-A932F4BE2231}.Release|Any CPU.Build.0 = Release|Any CPU
		{26A16424-C264-4277-B729-A932F4BE2231}.Release|Any CPU.Deploy.0 = Release|Any CPU
	EndGlobalSection
	GlobalSection(SolutionProperties) = preSolution
		HideSolutionNode = FALSE
	EndGlobalSection
	GlobalSection(ExtensibilityGlobals) = postSolution
		SolutionGuid = {888B93CE-4710-4F58-929B-F3F4EDD93638}
	EndGlobalSection
EndGlobal
